
Microsoft Visual Studio Solution File, Format Version 12.00
# Visual Studio Version 17
VisualStudioVersion = 17.8.34322.80
MinimumVisualStudioVersion = 10.0.40219.1
Project("{888888A0-9F3D-457C-B088-3A5042F75D52}") = "Pix2PixDataFormatting", "Pix2PixDataFormatting\Pix2PixDataFormatting.pyproj", "{940AE21D-9DDE-49A3-99B9-BC0785AA2E30}"
EndProject
Global
	GlobalSection(SolutionConfigurationPlatforms) = preSolution
		Debug|Any CPU = Debug|Any CPU
		Release|Any CPU = Release|Any CPU
	EndGlobalSection
	GlobalSection(ProjectConfigurationPlatforms) = postSolution
		{940AE21D-9DDE-49A3-99B9-BC0785AA2E30}.Debug|Any CPU.ActiveCfg = Debug|Any CPU
		{940AE21D-9DDE-49A3-99B9-BC0785AA2E30}.Release|Any CPU.ActiveCfg = Release|Any CPU
	EndGlobalSection
	GlobalSection(SolutionProperties) = preSolution
		HideSolutionNode = FALSE
	EndGlobalSection
	GlobalSection(ExtensibilityGlobals) = postSolution
		SolutionGuid = {CDFEDEB5-96BD-4F0F-A110-A6C6FC906522}
	EndGlobalSection
EndGlobal
